
Microsoft Visual Studio Solution File, Format Version 12.00
# Visual Studio 15
VisualStudioVersion = 15.0.28307.645
MinimumVisualStudioVersion = 10.0.40219.1
Project("{9A19103F-16F7-4668-BE54-9A1E7A4F7556}") = "CloudFlareBypass", "CloudFlareBypass\CloudFlareBypass.csproj", "{387FC67D-0D69-48CA-872B-FA0F837960FC}"
EndProject
Project("{9A19103F-16F7-4668-BE54-9A1E7A4F7556}") = "Tests", "Tests\Tests.csproj", "{5E15A6E7-124A-40E5-9A4F-EF565E01D7A9}"
EndProject
Global
	GlobalSection(SolutionConfigurationPlatforms) = preSolution
		Debug|Any CPU = Debug|Any CPU
		Release|Any CPU = Release|Any CPU
	EndGlobalSection
	GlobalSection(ProjectConfigurationPlatforms) = postSolution
		{387FC67D-0D69-48CA-872B-FA0F837960FC}.Debug|Any CPU.ActiveCfg = Debug|Any CPU
		{387FC67D-0D69-48CA-872B-FA0F837960FC}.Debug|Any CPU.Build.0 = Debug|Any CPU
		{387FC67D-0D69-48CA-872B-FA0F837960FC}.Release|Any CPU.ActiveCfg = Release|Any CPU
		{387FC67D-0D69-48CA-872B-FA0F837960FC}.Release|Any CPU.Build.0 = Release|Any CPU
		{5E15A6E7-124A-40E5-9A4F-EF565E01D7A9}.Debug|Any CPU.ActiveCfg = Debug|Any CPU
		{5E15A6E7-124A-40E5-9A4F-EF565E01D7A9}.Debug|Any CPU.Build.0 = Debug|Any CPU
		{5E15A6E7-124A-40E5-9A4F-EF565E01D7A9}.Release|Any CPU.ActiveCfg = Release|Any CPU
		{5E15A6E7-124A-40E5-9A4F-EF565E01D7A9}.Release|Any CPU.Build.0 = Release|Any CPU
	EndGlobalSection
	GlobalSection(SolutionProperties) = preSolution
		HideSolutionNode = FALSE
	EndGlobalSection
	GlobalSection(ExtensibilityGlobals) = postSolution
		SolutionGuid = {30AB7CF5-2891-49C4-A93C-879E62DD7307}
	EndGlobalSection
EndGlobal
